
Microsoft Visual Studio Solution File, Format Version 12.00
# Visual Studio 15
Project("{FAE04EC0-301F-11D3-BF4B-00C04F79EFBC}") = "Assembly-CSharp-Editor", "Assembly-CSharp-Editor.csproj", "{608F9138-B08B-7E6A-38C1-03039920D920}"
EndProject
Project("{FAE04EC0-301F-11D3-BF4B-00C04F79EFBC}") = "Assembly-CSharp", "Assembly-CSharp.csproj", "{582609A7-8ED5-9C88-E19C-9BCB3D45A284}"
EndProject
Global
	GlobalSection(SolutionConfigurationPlatforms) = preSolution
		Debug|Any CPU = Debug|Any CPU
		Release|Any CPU = Release|Any CPU
	EndGlobalSection
	GlobalSection(ProjectConfigurationPlatforms) = postSolution
		{608F9138-B08B-7E6A-38C1-03039920D920}.Debug|Any CPU.ActiveCfg = Debug|Any CPU
		{608F9138-B08B-7E6A-38C1-03039920D920}.Debug|Any CPU.Build.0 = Debug|Any CPU
		{608F9138-B08B-7E6A-38C1-03039920D920}.Release|Any CPU.ActiveCfg = Release|Any CPU
		{608F9138-B08B-7E6A-38C1-03039920D920}.Release|Any CPU.Build.0 = Release|Any CPU
		{582609A7-8ED5-9C88-E19C-9BCB3D45A284}.Debug|Any CPU.ActiveCfg = Debug|Any CPU
		{582609A7-8ED5-9C88-E19C-9BCB3D45A284}.Debug|Any CPU.Build.0 = Debug|Any CPU
		{582609A7-8ED5-9C88-E19C-9BCB3D45A284}.Release|Any CPU.ActiveCfg = Release|Any CPU
		{582609A7-8ED5-9C88-E19C-9BCB3D45A284}.Release|Any CPU.Build.0 = Release|Any CPU
	EndGlobalSection
	GlobalSection(SolutionProperties) = preSolution
		HideSolutionNode = FALSE
	EndGlobalSection
EndGlobal
